
Microsoft Visual Studio Solution File, Format Version 11.00
# Visual Studio 2010
Project("{FAE04EC0-301F-11D3-BF4B-00C04F79EFBC}") = "Assembly-CSharp", "Assembly-CSharp.csproj", "{EFE59400-A8EC-8C68-6332-8C7CBEBFECB8}"
EndProject
Project("{FAE04EC0-301F-11D3-BF4B-00C04F79EFBC}") = "Assembly-CSharp-firstpass", "Assembly-CSharp-firstpass.csproj", "{5D6E5A44-2F25-26BF-AE26-E8FEF416FFD9}"
EndProject
Project("{FAE04EC0-301F-11D3-BF4B-00C04F79EFBC}") = "Assembly-CSharp-Editor-firstpass", "Assembly-CSharp-Editor-firstpass.csproj", "{F6A740A6-B9EE-9C9A-8FDD-EDACA8B2751B}"
EndProject
Project("{FAE04EC0-301F-11D3-BF4B-00C04F79EFBC}") = "Assembly-CSharp-Editor", "Assembly-CSharp-Editor.csproj", "{8E4B6EE1-FB66-956A-3F2A-38004EEDF983}"
EndProject
Global
	GlobalSection(SolutionConfigurationPlatforms) = preSolution
		Debug|Any CPU = Debug|Any CPU
		Release|Any CPU = Release|Any CPU
	EndGlobalSection
	GlobalSection(ProjectConfigurationPlatforms) = postSolution
		{EFE59400-A8EC-8C68-6332-8C7CBEBFECB8}.Debug|Any CPU.ActiveCfg = Debug|Any CPU
		{EFE59400-A8EC-8C68-6332-8C7CBEBFECB8}.Debug|Any CPU.Build.0 = Debug|Any CPU
		{EFE59400-A8EC-8C68-6332-8C7CBEBFECB8}.Release|Any CPU.ActiveCfg = Release|Any CPU
		{EFE59400-A8EC-8C68-6332-8C7CBEBFECB8}.Release|Any CPU.Build.0 = Release|Any CPU
		{5D6E5A44-2F25-26BF-AE26-E8FEF416FFD9}.Debug|Any CPU.ActiveCfg = Debug|Any CPU
		{5D6E5A44-2F25-26BF-AE26-E8FEF416FFD9}.Debug|Any CPU.Build.0 = Debug|Any CPU
		{5D6E5A44-2F25-26BF-AE26-E8FEF416FFD9}.Release|Any CPU.ActiveCfg = Release|Any CPU
		{5D6E5A44-2F25-26BF-AE26-E8FEF416FFD9}.Release|Any CPU.Build.0 = Release|Any CPU
		{F6A740A6-B9EE-9C9A-8FDD-EDACA8B2751B}.Debug|Any CPU.ActiveCfg = Debug|Any CPU
		{F6A740A6-B9EE-9C9A-8FDD-EDACA8B2751B}.Debug|Any CPU.Build.0 = Debug|Any CPU
		{F6A740A6-B9EE-9C9A-8FDD-EDACA8B2751B}.Release|Any CPU.ActiveCfg = Release|Any CPU
		{F6A740A6-B9EE-9C9A-8FDD-EDACA8B2751B}.Release|Any CPU.Build.0 = Release|Any CPU
		{8E4B6EE1-FB66-956A-3F2A-38004EEDF983}.Debug|Any CPU.ActiveCfg = Debug|Any CPU
		{8E4B6EE1-FB66-956A-3F2A-38004EEDF983}.Debug|Any CPU.Build.0 = Debug|Any CPU
		{8E4B6EE1-FB66-956A-3F2A-38004EEDF983}.Release|Any CPU.ActiveCfg = Release|Any CPU
		{8E4B6EE1-FB66-956A-3F2A-38004EEDF983}.Release|Any CPU.Build.0 = Release|Any CPU
	EndGlobalSection
	GlobalSection(SolutionProperties) = preSolution
		HideSolutionNode = FALSE
	EndGlobalSection
	GlobalSection(MonoDevelopProperties) = preSolution
		StartupItem = Assembly-CSharp.csproj
	EndGlobalSection
EndGlobal
